
Microsoft Visual Studio Solution File, Format Version 12.00
# Visual Studio 14
VisualStudioVersion = 14.0.25420.1
MinimumVisualStudioVersion = 10.0.40219.1
Project("{FAE04EC0-301F-11D3-BF4B-00C04F79EFBC}") = "Consite_iTransition", "Consite_iTransition\Consite_iTransition.csproj", "{34164CAC-D1AA-48DB-A5D5-77AFC2017D4E}"
EndProject
Project("{FAE04EC0-301F-11D3-BF4B-00C04F79EFBC}") = "Consite_iTransition.Tests", "Consite_iTransition.Tests\Consite_iTransition.Tests.csproj", "{B0385930-696F-4826-B72D-37E274260025}"
EndProject
Global
	GlobalSection(SolutionConfigurationPlatforms) = preSolution
		Debug|Any CPU = Debug|Any CPU
		Release|Any CPU = Release|Any CPU
	EndGlobalSection
	GlobalSection(ProjectConfigurationPlatforms) = postSolution
		{34164CAC-D1AA-48DB-A5D5-77AFC2017D4E}.Debug|Any CPU.ActiveCfg = Debug|Any CPU
		{34164CAC-D1AA-48DB-A5D5-77AFC2017D4E}.Debug|Any CPU.Build.0 = Debug|Any CPU
		{34164CAC-D1AA-48DB-A5D5-77AFC2017D4E}.Release|Any CPU.ActiveCfg = Release|Any CPU
		{34164CAC-D1AA-48DB-A5D5-77AFC2017D4E}.Release|Any CPU.Build.0 = Release|Any CPU
		{B0385930-696F-4826-B72D-37E274260025}.Debug|Any CPU.ActiveCfg = Debug|Any CPU
		{B0385930-696F-4826-B72D-37E274260025}.Debug|Any CPU.Build.0 = Debug|Any CPU
		{B0385930-696F-4826-B72D-37E274260025}.Release|Any CPU.ActiveCfg = Release|Any CPU
		{B0385930-696F-4826-B72D-37E274260025}.Release|Any CPU.Build.0 = Release|Any CPU
	EndGlobalSection
	GlobalSection(SolutionProperties) = preSolution
		HideSolutionNode = FALSE
	EndGlobalSection
EndGlobal
